#MicroXplorer Configuration settings - do not modify
ADC1.Channel-4\#ChannelRegularConversion=ADC_CHANNEL_8
ADC1.Channel-5\#ChannelRegularConversion=ADC_CHANNEL_8
ADC1.Channel-IN8=ADC_CHANNEL_8
ADC1.ClockPrescaler=ADC_CLOCK_SYNC_PCLK_DIV8
ADC1.ContinuousConvMode=DISABLE
ADC1.DMAContinuousRequests=DISABLE
ADC1.DataAlign=ADC_DATAALIGN_RIGHT
ADC1.DiscontinuousConvMode=DISABLE
ADC1.EOCSelection=ADC_EOC_SEQ_CONV
ADC1.EnableAnalogWatchDog=false
ADC1.ExternalTrigConv=ADC_SOFTWARE_START
ADC1.ExternalTrigConvEdge=ADC_EXTERNALTRIGCONVEDGE_NONE
ADC1.IPParameters=Channel-IN8,Mode,ClockPrescaler,Resolution,DataAlign,ScanConvMode,ContinuousConvMode,DiscontinuousConvMode,DMAContinuousRequests,EOCSelection,NbrOfConversion,ExternalTrigConv,ExternalTrigConvEdge,InjNumberOfConversion,EnableAnalogWatchDog,Rank-4\#ChannelRegularConversion,SamplingTime-4\#ChannelRegularConversion,Rank-5\#ChannelRegularConversion,Channel-5\#ChannelRegularConversion,SamplingTime-5\#ChannelRegularConversion,Channel-4\#ChannelRegularConversion,master
ADC1.InjNumberOfConversion=0
ADC1.Mode=__NULL
ADC1.NbrOfConversion=2
ADC1.Rank-4\#ChannelRegularConversion=1
ADC1.Rank-5\#ChannelRegularConversion=2
ADC1.Resolution=ADC_RESOLUTION_12B
ADC1.SamplingTime-4\#ChannelRegularConversion=ADC_SAMPLETIME_480CYCLES
ADC1.SamplingTime-5\#ChannelRegularConversion=ADC_SAMPLETIME_480CYCLES
ADC1.ScanConvMode=ENABLE
ADC1.master=1
CAD.formats=
CAD.pinconfig=
CAD.provider=
Dma.ADC1.0.Direction=DMA_PERIPH_TO_MEMORY
Dma.ADC1.0.FIFOMode=DMA_FIFOMODE_DISABLE
Dma.ADC1.0.Instance=DMA2_Stream0
Dma.ADC1.0.MemDataAlignment=DMA_MDATAALIGN_HALFWORD
Dma.ADC1.0.MemInc=DMA_MINC_ENABLE
Dma.ADC1.0.Mode=DMA_CIRCULAR
Dma.ADC1.0.PeriphDataAlignment=DMA_PDATAALIGN_HALFWORD
Dma.ADC1.0.PeriphInc=DMA_PINC_DISABLE
Dma.ADC1.0.Priority=DMA_PRIORITY_LOW
Dma.ADC1.0.RequestParameters=Instance,Direction,PeriphInc,MemInc,PeriphDataAlignment,MemDataAlignment,Mode,Priority,FIFOMode
Dma.I2C2_RX.6.Direction=DMA_PERIPH_TO_MEMORY
Dma.I2C2_RX.6.FIFOMode=DMA_FIFOMODE_DISABLE
Dma.I2C2_RX.6.Instance=DMA1_Stream2
Dma.I2C2_RX.6.MemDataAlignment=DMA_MDATAALIGN_BYTE
Dma.I2C2_RX.6.MemInc=DMA_MINC_ENABLE
Dma.I2C2_RX.6.Mode=DMA_NORMAL
Dma.I2C2_RX.6.PeriphDataAlignment=DMA_PDATAALIGN_BYTE
Dma.I2C2_RX.6.PeriphInc=DMA_PINC_DISABLE
Dma.I2C2_RX.6.Priority=DMA_PRIORITY_VERY_HIGH
Dma.I2C2_RX.6.RequestParameters=Instance,Direction,PeriphInc,MemInc,PeriphDataAlignment,MemDataAlignment,Mode,Priority,FIFOMode
Dma.I2C2_TX.7.Direction=DMA_MEMORY_TO_PERIPH
Dma.I2C2_TX.7.FIFOMode=DMA_FIFOMODE_DISABLE
Dma.I2C2_TX.7.Instance=DMA1_Stream7
Dma.I2C2_TX.7.MemDataAlignment=DMA_MDATAALIGN_BYTE
Dma.I2C2_TX.7.MemInc=DMA_MINC_ENABLE
Dma.I2C2_TX.7.Mode=DMA_NORMAL
Dma.I2C2_TX.7.PeriphDataAlignment=DMA_PDATAALIGN_BYTE
Dma.I2C2_TX.7.PeriphInc=DMA_PINC_DISABLE
Dma.I2C2_TX.7.Priority=DMA_PRIORITY_VERY_HIGH
Dma.I2C2_TX.7.RequestParameters=Instance,Direction,PeriphInc,MemInc,PeriphDataAlignment,MemDataAlignment,Mode,Priority,FIFOMode
Dma.Request0=ADC1
Dma.Request1=USART3_RX
Dma.Request2=USART3_TX
Dma.Request3=UART5_RX
Dma.Request4=USART2_RX
Dma.Request5=USART2_TX
Dma.Request6=I2C2_RX
Dma.Request7=I2C2_TX
Dma.Request8=USART1_RX
Dma.Request9=USART1_TX
Dma.RequestsNb=10
Dma.UART5_RX.3.Direction=DMA_PERIPH_TO_MEMORY
Dma.UART5_RX.3.FIFOMode=DMA_FIFOMODE_DISABLE
Dma.UART5_RX.3.Instance=DMA1_Stream0
Dma.UART5_RX.3.MemDataAlignment=DMA_MDATAALIGN_BYTE
Dma.UART5_RX.3.MemInc=DMA_MINC_ENABLE
Dma.UART5_RX.3.Mode=DMA_CIRCULAR
Dma.UART5_RX.3.PeriphDataAlignment=DMA_PDATAALIGN_BYTE
Dma.UART5_RX.3.PeriphInc=DMA_PINC_DISABLE
Dma.UART5_RX.3.Priority=DMA_PRIORITY_MEDIUM
Dma.UART5_RX.3.RequestParameters=Instance,Direction,PeriphInc,MemInc,PeriphDataAlignment,MemDataAlignment,Mode,Priority,FIFOMode
Dma.USART1_RX.8.Direction=DMA_PERIPH_TO_MEMORY
Dma.USART1_RX.8.FIFOMode=DMA_FIFOMODE_DISABLE
Dma.USART1_RX.8.Instance=DMA2_Stream2
Dma.USART1_RX.8.MemDataAlignment=DMA_MDATAALIGN_BYTE
Dma.USART1_RX.8.MemInc=DMA_MINC_ENABLE
Dma.USART1_RX.8.Mode=DMA_NORMAL
Dma.USART1_RX.8.PeriphDataAlignment=DMA_PDATAALIGN_BYTE
Dma.USART1_RX.8.PeriphInc=DMA_PINC_DISABLE
Dma.USART1_RX.8.Priority=DMA_PRIORITY_LOW
Dma.USART1_RX.8.RequestParameters=Instance,Direction,PeriphInc,MemInc,PeriphDataAlignment,MemDataAlignment,Mode,Priority,FIFOMode
Dma.USART1_TX.9.Direction=DMA_MEMORY_TO_PERIPH
Dma.USART1_TX.9.FIFOMode=DMA_FIFOMODE_DISABLE
Dma.USART1_TX.9.Instance=DMA2_Stream7
Dma.USART1_TX.9.MemDataAlignment=DMA_MDATAALIGN_BYTE
Dma.USART1_TX.9.MemInc=DMA_MINC_ENABLE
Dma.USART1_TX.9.Mode=DMA_NORMAL
Dma.USART1_TX.9.PeriphDataAlignment=DMA_PDATAALIGN_BYTE
Dma.USART1_TX.9.PeriphInc=DMA_PINC_DISABLE
Dma.USART1_TX.9.Priority=DMA_PRIORITY_LOW
Dma.USART1_TX.9.RequestParameters=Instance,Direction,PeriphInc,MemInc,PeriphDataAlignment,MemDataAlignment,Mode,Priority,FIFOMode
Dma.USART2_RX.4.Direction=DMA_PERIPH_TO_MEMORY
Dma.USART2_RX.4.FIFOMode=DMA_FIFOMODE_DISABLE
Dma.USART2_RX.4.Instance=DMA1_Stream5
Dma.USART2_RX.4.MemDataAlignment=DMA_MDATAALIGN_BYTE
Dma.USART2_RX.4.MemInc=DMA_MINC_ENABLE
Dma.USART2_RX.4.Mode=DMA_CIRCULAR
Dma.USART2_RX.4.PeriphDataAlignment=DMA_PDATAALIGN_BYTE
Dma.USART2_RX.4.PeriphInc=DMA_PINC_DISABLE
Dma.USART2_RX.4.Priority=DMA_PRIORITY_VERY_HIGH
Dma.USART2_RX.4.RequestParameters=Instance,Direction,PeriphInc,MemInc,PeriphDataAlignment,MemDataAlignment,Mode,Priority,FIFOMode
Dma.USART2_TX.5.Direction=DMA_MEMORY_TO_PERIPH
Dma.USART2_TX.5.FIFOMode=DMA_FIFOMODE_DISABLE
Dma.USART2_TX.5.Instance=DMA1_Stream6
Dma.USART2_TX.5.MemDataAlignment=DMA_MDATAALIGN_BYTE
Dma.USART2_TX.5.MemInc=DMA_MINC_ENABLE
Dma.USART2_TX.5.Mode=DMA_NORMAL
Dma.USART2_TX.5.PeriphDataAlignment=DMA_PDATAALIGN_BYTE
Dma.USART2_TX.5.PeriphInc=DMA_PINC_DISABLE
Dma.USART2_TX.5.Priority=DMA_PRIORITY_VERY_HIGH
Dma.USART2_TX.5.RequestParameters=Instance,Direction,PeriphInc,MemInc,PeriphDataAlignment,MemDataAlignment,Mode,Priority,FIFOMode
Dma.USART3_RX.1.Direction=DMA_PERIPH_TO_MEMORY
Dma.USART3_RX.1.FIFOMode=DMA_FIFOMODE_DISABLE
Dma.USART3_RX.1.Instance=DMA1_Stream1
Dma.USART3_RX.1.MemDataAlignment=DMA_MDATAALIGN_BYTE
Dma.USART3_RX.1.MemInc=DMA_MINC_ENABLE
Dma.USART3_RX.1.Mode=DMA_CIRCULAR
Dma.USART3_RX.1.PeriphDataAlignment=DMA_PDATAALIGN_BYTE
Dma.USART3_RX.1.PeriphInc=DMA_PINC_DISABLE
Dma.USART3_RX.1.Priority=DMA_PRIORITY_HIGH
Dma.USART3_RX.1.RequestParameters=Instance,Direction,PeriphInc,MemInc,PeriphDataAlignment,MemDataAlignment,Mode,Priority,FIFOMode
Dma.USART3_TX.2.Direction=DMA_MEMORY_TO_PERIPH
Dma.USART3_TX.2.FIFOMode=DMA_FIFOMODE_DISABLE
Dma.USART3_TX.2.Instance=DMA1_Stream3
Dma.USART3_TX.2.MemDataAlignment=DMA_MDATAALIGN_BYTE
Dma.USART3_TX.2.MemInc=DMA_MINC_ENABLE
Dma.USART3_TX.2.Mode=DMA_NORMAL
Dma.USART3_TX.2.PeriphDataAlignment=DMA_PDATAALIGN_BYTE
Dma.USART3_TX.2.PeriphInc=DMA_PINC_DISABLE
Dma.USART3_TX.2.Priority=DMA_PRIORITY_HIGH
Dma.USART3_TX.2.RequestParameters=Instance,Direction,PeriphInc,MemInc,PeriphDataAlignment,MemDataAlignment,Mode,Priority,FIFOMode
FREERTOS.BinarySemaphores01=packet_tx_idle,Static,packet_tx_ControlBlock;packet_rx_not_empty,Static,packet_rx_not_emptyControlBlock;mpu6050_data_ready,Static,mpu6050_data_readyControlBlock;sbus_data_ready_01_,Static,sbus_data_ready_01_ControlBlock;spi_tx_finished,Static,spi_tx_finishedControlBlock;bluetooth_tx_idle,Static,bluetooth_tx_idleControlBlock
FREERTOS.Events01=sbus_data_ready_event_,Static,sbus_data_ready_event_ControlBlock
FREERTOS.FootprintOK=true
FREERTOS.HEAP_NUMBER=4
FREERTOS.INCLUDE_eTaskGetState=1
FREERTOS.INCLUDE_pcTaskGetTaskName=0
FREERTOS.INCLUDE_uxTaskGetStackHighWaterMark=1
FREERTOS.INCLUDE_uxTaskGetStackHighWaterMark2=0
FREERTOS.INCLUDE_uxTaskPriorityGet=1
FREERTOS.INCLUDE_vTaskCleanUpResources=1
FREERTOS.INCLUDE_vTaskDelay=1
FREERTOS.INCLUDE_vTaskDelayUntil=1
FREERTOS.INCLUDE_vTaskDelete=1
FREERTOS.INCLUDE_vTaskPrioritySet=1
FREERTOS.INCLUDE_vTaskSuspend=1
FREERTOS.INCLUDE_xEventGroupSetBitFromISR=1
FREERTOS.INCLUDE_xQueueGetMutexHolder=1
FREERTOS.INCLUDE_xSemaphoreGetMutexHolder=0
FREERTOS.INCLUDE_xTaskAbortDelay=0
FREERTOS.INCLUDE_xTaskGetCurrentTaskHandle=1
FREERTOS.INCLUDE_xTaskGetHandle=0
FREERTOS.INCLUDE_xTaskGetSchedulerState=1
FREERTOS.INCLUDE_xTaskResumeFromISR=1
FREERTOS.INCLUDE_xTimerPendFunctionCall=1
FREERTOS.IPParameters=Tasks01,Queues01,FootprintOK,Timers01,configUSE_NEWLIB_REENTRANT,configENABLE_FPU,BinarySemaphores01,configUSE_IDLE_HOOK,configUSE_TICK_HOOK,configTIMER_TASK_STACK_DEPTH,configTIMER_QUEUE_LENGTH,Events01,configTOTAL_HEAP_SIZE,INCLUDE_vTaskCleanUpResources,INCLUDE_xEventGroupSetBitFromISR,configUSE_PREEMPTION,configTICK_RATE_HZ,configUSE_SB_COMPLETED_CALLBACK,configUSE_MINI_LIST_ITEM,configMINIMAL_STACK_SIZE,configMAX_TASK_NAME_LEN,configIDLE_SHOULD_YIELD,configUSE_MUTEXES,configUSE_RECURSIVE_MUTEXES,configUSE_COUNTING_SEMAPHORES,configQUEUE_REGISTRY_SIZE,configUSE_APPLICATION_TASK_TAG,HEAP_NUMBER,configUSE_MALLOC_FAILED_HOOK,configUSE_DAEMON_TASK_STARTUP_HOOK,configCHECK_FOR_STACK_OVERFLOW,configGENERATE_RUN_TIME_STATS,configUSE_TRACE_FACILITY,configUSE_STATS_FORMATTING_FUNCTIONS,configUSE_CO_ROUTINES,configMAX_CO_ROUTINE_PRIORITIES,configTIMER_TASK_PRIORITY,configLIBRARY_LOWEST_INTERRUPT_PRIORITY,configLIBRARY_MAX_SYSCALL_INTERRUPT_PRIORITY,INCLUDE_vTaskPrioritySet,INCLUDE_uxTaskPriorityGet,INCLUDE_vTaskDelete,INCLUDE_vTaskSuspend,INCLUDE_vTaskDelayUntil,INCLUDE_vTaskDelay,INCLUDE_xTaskGetSchedulerState,INCLUDE_xTaskResumeFromISR,INCLUDE_xQueueGetMutexHolder,INCLUDE_xSemaphoreGetMutexHolder,INCLUDE_pcTaskGetTaskName,INCLUDE_uxTaskGetStackHighWaterMark,INCLUDE_xTaskGetCurrentTaskHandle,INCLUDE_eTaskGetState,INCLUDE_xTimerPendFunctionCall,configENABLE_BACKWARD_COMPATIBILITY,configUSE_TICKLESS_IDLE,configUSE_TASK_NOTIFICATIONS,INCLUDE_xTaskAbortDelay,INCLUDE_xTaskGetHandle,configRECORD_STACK_HIGH_ADDRESS,copyHeapFile,INCLUDE_uxTaskGetStackHighWaterMark2,configUSE_POSIX_ERRNO,configUSE_OS2_THREAD_SUSPEND_RESUME,configUSE_OS2_THREAD_ENUMERATE,configUSE_OS2_EVENTFLAGS_FROM_ISR,configUSE_OS2_THREAD_FLAGS,configUSE_OS2_TIMER,configUSE_OS2_MUTEX
FREERTOS.Queues01=packet_tx_queue,64,void*,0,Static,packet_tx_queueBuffer,packet_tx_queueControlBlock;lvgl_event_queue,16,void*,0,Static,lvgl_event_queueBuffer,lvgl_event_queueControlBlock;moving_ctrl_queue,32,char,0,Static,moving_ctrl_queueBuffer,moving_ctrl_queueControlBlock;bluetooth_tx_queue,8,8,1,Static,bluetooth_tx_queueBuffer,bluetooth_tx_queueControlBlock
FREERTOS.Tasks01=defaultTask,8,128,StartDefaultTask,Default,NULL,Static,defaultTaskBuffer,defaultTaskControlBlock;imu_task,32,128,imu_task_entry,As weak,NULL,Static,imu_taskBuffer,imu_taskControlBlock;packet_tx_task,24,128,packet_tx_task_entry,As weak,NULL,Static,packet_tx_taskBuffer,packet_tx_taskControlBlock;packet_rx_task,24,256,packet_rx_task_entry,As weak,NULL,Static,packet_rx_taskBuffer,packet_rx_taskControlBlock;sbus_rx_task,24,128,sbus_rx_task_entry,As weak,NULL,Static,sbus_rx_taskBuffer,sbus_rx_taskControlBlock;gui_task,16,512,gui_task_entry,As weak,NULL,Static,gui_taskBuffer,gui_taskControlBlock;app_task,24,512,app_task_entry,As weak,NULL,Static,app_taskBuffer,app_taskControlBlock;bluetooth_task,24,128,bluetooth_task_entry,As weak,NULL,Static,bluetooth_taskBuffer,bluetooth_taskControlBlock
FREERTOS.Timers01=button_timer,button_timer_callback,osTimerPeriodic,As weak,NULL,Static,button_timerControlBlock;led_timer,led_timer_callback,osTimerPeriodic,As weak,NULL,Static,led_timerControlBlock;lvgl_timer,lvgl_timer_callback,osTimerPeriodic,As weak,NULL,Static,lvgl_timerControlBlock;buzzer_timer,buzzer_timer_callback,osTimerPeriodic,As weak,NULL,Static,buzzer_timerControlBlock;battery_check_timer,battery_check_timer_callback,osTimerPeriodic,As weak,NULL,Static,battery_check_timerControlBlock;IMU_read_timer,IMU_read_timer_callback,osTimerPeriodic,As weak,NULL,Static,IMU_read_timerControlBlock
FREERTOS.configCHECK_FOR_STACK_OVERFLOW=0
FREERTOS.configENABLE_BACKWARD_COMPATIBILITY=1
FREERTOS.configENABLE_FPU=1
FREERTOS.configGENERATE_RUN_TIME_STATS=0
FREERTOS.configIDLE_SHOULD_YIELD=1
FREERTOS.configLIBRARY_LOWEST_INTERRUPT_PRIORITY=15
FREERTOS.configLIBRARY_MAX_SYSCALL_INTERRUPT_PRIORITY=5
FREERTOS.configMAX_CO_ROUTINE_PRIORITIES=2
FREERTOS.configMAX_TASK_NAME_LEN=16
FREERTOS.configMINIMAL_STACK_SIZE=128
FREERTOS.configQUEUE_REGISTRY_SIZE=8
FREERTOS.configRECORD_STACK_HIGH_ADDRESS=0
FREERTOS.configTICK_RATE_HZ=1000
FREERTOS.configTIMER_QUEUE_LENGTH=10
FREERTOS.configTIMER_TASK_PRIORITY=2
FREERTOS.configTIMER_TASK_STACK_DEPTH=6144
FREERTOS.configTOTAL_HEAP_SIZE=12288
FREERTOS.configUSE_APPLICATION_TASK_TAG=0
FREERTOS.configUSE_COUNTING_SEMAPHORES=1
FREERTOS.configUSE_CO_ROUTINES=0
FREERTOS.configUSE_DAEMON_TASK_STARTUP_HOOK=0
FREERTOS.configUSE_IDLE_HOOK=1
FREERTOS.configUSE_MALLOC_FAILED_HOOK=0
FREERTOS.configUSE_MINI_LIST_ITEM=1
FREERTOS.configUSE_MUTEXES=1
FREERTOS.configUSE_NEWLIB_REENTRANT=0
FREERTOS.configUSE_OS2_EVENTFLAGS_FROM_ISR=1
FREERTOS.configUSE_OS2_MUTEX=1
FREERTOS.configUSE_OS2_THREAD_ENUMERATE=1
FREERTOS.configUSE_OS2_THREAD_FLAGS=1
FREERTOS.configUSE_OS2_THREAD_SUSPEND_RESUME=1
FREERTOS.configUSE_OS2_TIMER=1
FREERTOS.configUSE_POSIX_ERRNO=0
FREERTOS.configUSE_PREEMPTION=1
FREERTOS.configUSE_RECURSIVE_MUTEXES=1
FREERTOS.configUSE_SB_COMPLETED_CALLBACK=0
FREERTOS.configUSE_STATS_FORMATTING_FUNCTIONS=0
FREERTOS.configUSE_TASK_NOTIFICATIONS=1
FREERTOS.configUSE_TICKLESS_IDLE=0
FREERTOS.configUSE_TICK_HOOK=1
FREERTOS.configUSE_TRACE_FACILITY=1
FREERTOS.copyHeapFile=1
File.Version=6
GPIO.groupedBy=Group By Peripherals
I2C2.AddressingMode=I2C_ADDRESSINGMODE_7BIT
I2C2.ClockSpeed=400000
I2C2.DualAddressMode=I2C_DUALADDRESS_DISABLE
I2C2.DutyCycle=I2C_DUTYCYCLE_16_9
I2C2.GeneralCallMode=I2C_GENERALCALL_DISABLE
I2C2.I2C_Mode=I2C_Fast
I2C2.IPParameters=I2C_Mode,ClockSpeed,DutyCycle,NoStretchMode,AddressingMode,DualAddressMode,OwnAddress,GeneralCallMode
I2C2.NoStretchMode=I2C_NOSTRETCH_DISABLE
I2C2.OwnAddress=0
KeepUserPlacement=false
Mcu.CPN=STM32F407VET6
Mcu.Family=STM32F4
Mcu.IP0=ADC1
Mcu.IP1=CRC
Mcu.IP10=TIM4
Mcu.IP11=TIM5
Mcu.IP12=TIM7
Mcu.IP13=TIM9
Mcu.IP14=TIM10
Mcu.IP15=TIM11
Mcu.IP16=TIM12
Mcu.IP17=TIM13
Mcu.IP18=TIM14
Mcu.IP19=UART5
Mcu.IP2=DMA
Mcu.IP20=USART1
Mcu.IP21=USART2
Mcu.IP22=USART3
Mcu.IP23=USART6
Mcu.IP24=USB_DEVICE
Mcu.IP25=USB_OTG_HS
Mcu.IP3=FREERTOS
Mcu.IP4=I2C2
Mcu.IP5=NVIC
Mcu.IP6=RCC
Mcu.IP7=SYS
Mcu.IP8=TIM1
Mcu.IP9=TIM3
Mcu.IPNb=26
Mcu.Name=STM32F407V(E-G)Tx
Mcu.Package=LQFP100
Mcu.Pin0=PE5
Mcu.Pin1=PE6
Mcu.Pin10=PE7
Mcu.Pin11=PE8
Mcu.Pin12=PE9
Mcu.Pin13=PE10
Mcu.Pin14=PE11
Mcu.Pin15=PE13
Mcu.Pin16=PE14
Mcu.Pin17=PB10
Mcu.Pin18=PB11
Mcu.Pin19=PB12
Mcu.Pin2=PC14-OSC32_IN
Mcu.Pin20=PB13
Mcu.Pin21=PB14
Mcu.Pin22=PB15
Mcu.Pin23=PD8
Mcu.Pin24=PD9
Mcu.Pin25=PD11
Mcu.Pin26=PD12
Mcu.Pin27=PD13
Mcu.Pin28=PD14
Mcu.Pin29=PC6
Mcu.Pin3=PC15-OSC32_OUT
Mcu.Pin30=PC7
Mcu.Pin31=PC8
Mcu.Pin32=PC9
Mcu.Pin33=PA8
Mcu.Pin34=PA9
Mcu.Pin35=PA10
Mcu.Pin36=PA11
Mcu.Pin37=PA12
Mcu.Pin38=PA13
Mcu.Pin39=PA14
Mcu.Pin4=PH0-OSC_IN
Mcu.Pin40=PA15
Mcu.Pin41=PC12
Mcu.Pin42=PD2
Mcu.Pin43=PD3
Mcu.Pin44=PD5
Mcu.Pin45=PD6
Mcu.Pin46=PB3
Mcu.Pin47=PB4
Mcu.Pin48=PB5
Mcu.Pin49=PB6
Mcu.Pin5=PH1-OSC_OUT
Mcu.Pin50=PB7
Mcu.Pin51=PB8
Mcu.Pin52=PB9
Mcu.Pin53=PE0
Mcu.Pin54=PE1
Mcu.Pin55=VP_ADC1_Vref_Input
Mcu.Pin56=VP_CRC_VS_CRC
Mcu.Pin57=VP_FREERTOS_VS_CMSIS_V2
Mcu.Pin58=VP_SYS_VS_tim8
Mcu.Pin59=VP_TIM1_VS_ClockSourceINT
Mcu.Pin6=PC3
Mcu.Pin60=VP_TIM7_VS_ClockSourceINT
Mcu.Pin61=VP_TIM9_VS_ClockSourceINT
Mcu.Pin62=VP_TIM10_VS_ClockSourceINT
Mcu.Pin63=VP_TIM11_VS_ClockSourceINT
Mcu.Pin64=VP_TIM12_VS_ClockSourceINT
Mcu.Pin65=VP_TIM12_VS_no_output1
Mcu.Pin66=VP_TIM13_VS_ClockSourceINT
Mcu.Pin67=VP_TIM13_VS_no_output1
Mcu.Pin68=VP_TIM14_VS_ClockSourceINT
Mcu.Pin69=VP_USB_DEVICE_VS_USB_DEVICE_CDC_HS
Mcu.Pin7=PA0-WKUP
Mcu.Pin8=PA1
Mcu.Pin9=PB0
Mcu.PinsNb=70
Mcu.ThirdPartyNb=0
Mcu.UserConstants=
Mcu.UserName=STM32F407VETx
MxCube.Version=6.18.0
MxDb.Version=DB.6.0.180
NVIC.BusFault_IRQn=true\:0\:0\:false\:false\:true\:false\:false\:false\:false
NVIC.DMA1_Stream0_IRQn=true\:5\:0\:false\:true\:true\:1\:true\:false\:true\:true
NVIC.DMA1_Stream1_IRQn=true\:5\:0\:false\:true\:true\:2\:true\:false\:true\:true
NVIC.DMA1_Stream2_IRQn=true\:5\:0\:false\:true\:true\:3\:true\:false\:true\:true
NVIC.DMA1_Stream3_IRQn=true\:5\:0\:false\:true\:true\:4\:true\:false\:true\:true
NVIC.DMA1_Stream5_IRQn=true\:5\:0\:false\:false\:true\:true\:true\:true\:true
NVIC.DMA1_Stream6_IRQn=true\:5\:0\:false\:false\:true\:true\:true\:true\:true
NVIC.DMA1_Stream7_IRQn=true\:5\:0\:false\:true\:true\:9\:true\:false\:true\:true
NVIC.DMA2_Stream0_IRQn=true\:5\:0\:false\:false\:true\:false\:true\:true\:true
NVIC.DMA2_Stream2_IRQn=true\:5\:0\:false\:false\:true\:true\:false\:true\:true
NVIC.DMA2_Stream7_IRQn=true\:5\:0\:false\:false\:true\:true\:false\:true\:true
NVIC.DebugMonitor_IRQn=true\:0\:0\:false\:false\:true\:false\:false\:false\:false
NVIC.EXTI15_10_IRQn=true\:5\:0\:false\:true\:true\:7\:true\:true\:false\:true
NVIC.ForceEnableDMAVector=true
NVIC.HardFault_IRQn=true\:0\:0\:false\:false\:true\:false\:false\:false\:false
NVIC.MemoryManagement_IRQn=true\:0\:0\:false\:false\:true\:false\:false\:false\:false
NVIC.NonMaskableInt_IRQn=true\:0\:0\:false\:false\:true\:false\:false\:true\:false
NVIC.OTG_HS_IRQn=true\:5\:0\:false\:false\:true\:true\:false\:true\:true
NVIC.PendSV_IRQn=true\:15\:0\:false\:false\:false\:true\:false\:false\:false
NVIC.PriorityGroup=NVIC_PRIORITYGROUP_4
NVIC.SVCall_IRQn=true\:0\:0\:false\:false\:false\:false\:false\:false\:false
NVIC.SavedPendsvIrqHandlerGenerated=true
NVIC.SavedSvcallIrqHandlerGenerated=true
NVIC.SavedSystickIrqHandlerGenerated=true
NVIC.SysTick_IRQn=true\:15\:0\:false\:false\:false\:true\:true\:true\:false
NVIC.TIM3_IRQn=true\:5\:0\:false\:false\:true\:true\:true\:false\:true
NVIC.TIM4_IRQn=true\:5\:0\:false\:false\:true\:true\:true\:false\:true
NVIC.TIM5_IRQn=true\:5\:0\:false\:true\:true\:10\:true\:true\:false\:true
NVIC.TIM7_IRQn=true\:5\:0\:false\:true\:true\:12\:true\:true\:false\:true
NVIC.TIM8_BRK_TIM12_IRQn=true\:5\:0\:false\:false\:true\:true\:true\:false\:true
NVIC.TIM8_UP_TIM13_IRQn=true\:15\:0\:false\:false\:true\:false\:true\:false\:true
NVIC.TimeBase=TIM8_UP_TIM13_IRQn
NVIC.TimeBaseIP=TIM8
NVIC.UART5_IRQn=true\:5\:0\:true\:true\:true\:11\:true\:true\:true\:true
NVIC.USART1_IRQn=true\:5\:0\:false\:false\:true\:true\:true\:true\:true
NVIC.USART2_IRQn=true\:5\:0\:false\:true\:true\:5\:true\:true\:true\:true
NVIC.USART3_IRQn=true\:5\:0\:false\:true\:true\:6\:true\:true\:true\:true
NVIC.USART6_IRQn=true\:5\:0\:false\:true\:true\:13\:true\:true\:true\:true
NVIC.UsageFault_IRQn=true\:0\:0\:false\:false\:true\:false\:false\:false\:false
PA0-WKUP.GPIOParameters=GPIO_Speed,GPIO_PuPd
PA0-WKUP.GPIO_PuPd=GPIO_PULLUP
PA0-WKUP.GPIO_Speed=GPIO_SPEED_FREQ_VERY_HIGH
PA0-WKUP.Locked=true
PA0-WKUP.Signal=S_TIM5_CH1
PA1.GPIOParameters=GPIO_Speed,GPIO_PuPd
PA1.GPIO_PuPd=GPIO_PULLUP
PA1.GPIO_Speed=GPIO_SPEED_FREQ_VERY_HIGH
PA1.Locked=true
PA1.Signal=S_TIM5_CH2
PA10.GPIOParameters=GPIO_Label
PA10.GPIO_Label=DBG_RX
PA10.Mode=Asynchronous
PA10.Signal=USART1_RX
PA11.GPIOParameters=GPIO_Speed,PinState,GPIO_Label
PA11.GPIO_Label=PWM_SERVO_1
PA11.GPIO_Speed=GPIO_SPEED_FREQ_HIGH
PA11.Locked=true
PA11.PinState=GPIO_PIN_RESET
PA11.Signal=GPIO_Output
PA12.GPIOParameters=GPIO_Speed,GPIO_Label
PA12.GPIO_Label=PWM_SERVO_2
PA12.GPIO_Speed=GPIO_SPEED_FREQ_HIGH
PA12.Locked=true
PA12.Signal=GPIO_Output
PA13.Locked=true
PA13.Signal=SYS_JTMS-SWDIO
PA14.Locked=true
PA14.Signal=SYS_JTCK-SWCLK
PA15.GPIOParameters=GPIO_Speed,GPIO_PuPd
PA15.GPIO_PuPd=GPIO_PULLUP
PA15.GPIO_Speed=GPIO_SPEED_FREQ_VERY_HIGH
PA15.Locked=true
PA15.Signal=S_TIM2_CH1_ETR
PA8.GPIOParameters=GPIO_Speed,PinState,GPIO_Label
PA8.GPIO_Label=BUZZER
PA8.GPIO_Speed=GPIO_SPEED_FREQ_VERY_HIGH
PA8.Locked=true
PA8.PinState=GPIO_PIN_RESET
PA8.Signal=GPIO_Output
PA9.GPIOParameters=GPIO_Label
PA9.GPIO_Label=DBG_TX
PA9.Mode=Asynchronous
PA9.Signal=USART1_TX
PB0.GPIOParameters=GPIO_Label
PB0.GPIO_Label=BATTERY
PB0.Locked=true
PB0.Signal=ADCx_IN8
PB10.GPIOParameters=GPIO_Pu
PB10.GPIO_Pu=GPIO_PULLUP
PB10.Locked=true
PB10.Mode=I2C
PB10.Signal=I2C2_SCL
PB11.GPIOParameters=GPIO_Pu
PB11.GPIO_Pu=GPIO_PULLUP
PB11.Locked=true
PB11.Mode=I2C
PB11.Signal=I2C2_SDA
PB12.GPIOParameters=GPIO_Label
PB12.GPIO_Label=IMU_ITR
PB12.Locked=true
PB12.Signal=GPXTI12
PB13.Locked=true
PB13.Signal=SPI2_SCK
PB14.Locked=true
PB14.Mode=Device_Only_FS
PB14.Signal=USB_OTG_HS_DM
PB15.Locked=true
PB15.Mode=Device_Only_FS
PB15.Signal=USB_OTG_HS_DP
PB3.GPIOParameters=GPIO_Speed,GPIO_PuPd
PB3.GPIO_PuPd=GPIO_PULLUP
PB3.GPIO_Speed=GPIO_SPEED_FREQ_VERY_HIGH
PB3.Locked=true
PB3.Signal=S_TIM2_CH2
PB4.GPIOParameters=GPIO_Speed
PB4.GPIO_Speed=GPIO_SPEED_FREQ_VERY_HIGH
PB4.Signal=S_TIM3_CH1
PB5.GPIOParameters=GPIO_Speed
PB5.GPIO_Speed=GPIO_SPEED_FREQ_VERY_HIGH
PB5.Locked=true
PB5.Signal=S_TIM3_CH2
PB6.Signal=S_TIM4_CH1
PB7.Signal=S_TIM4_CH2
PB8.Signal=S_TIM10_CH1
PB9.GPIOParameters=GPIO_Speed
PB9.GPIO_Speed=GPIO_SPEED_FREQ_HIGH
PB9.Signal=S_TIM11_CH1
PC12.Mode=Asynchronous
PC12.Signal=UART5_TX
PC14-OSC32_IN.Mode=LSE-External-Oscillator
PC14-OSC32_IN.Signal=RCC_OSC32_IN
PC15-OSC32_OUT.Mode=LSE-External-Oscillator
PC15-OSC32_OUT.Signal=RCC_OSC32_OUT
PC3.Locked=true
PC3.Signal=SPI2_MOSI
PC6.GPIOParameters=GPIO_Label
PC6.GPIO_Label=SERIAL_SERVO_TX
PC6.Locked=true
PC6.Mode=Asynchronous
PC6.Signal=USART6_TX
PC7.GPIOParameters=GPIO_Label
PC7.GPIO_Label=SERIAL_SERVO_RX
PC7.Locked=true
PC7.Mode=Asynchronous
PC7.Signal=USART6_RX
PC8.GPIOParameters=GPIO_Speed,PinState,GPIO_Label
PC8.GPIO_Label=PWM_SERVO_3
PC8.GPIO_Speed=GPIO_SPEED_FREQ_HIGH
PC8.Locked=true
PC8.PinState=GPIO_PIN_SET
PC8.Signal=GPIO_Output
PC9.GPIOParameters=GPIO_Speed,GPIO_Label
PC9.GPIO_Label=PWM_SERVO_4
PC9.GPIO_Speed=GPIO_SPEED_FREQ_HIGH
PC9.Locked=true
PC9.Signal=GPIO_Output
PCC.Bar.Display=Horizontal Bar
PCC.Checker=false
PCC.Display=Plot\: All Steps
PCC.Line=STM32F407/417
PCC.MCU=STM32F407V(E-G)Tx
PCC.PartNumber=STM32F407VETx
PCC.SequenceTime=1.0 ms
PCC.SequenceTime.Unit=ms
PCC.Series=STM32F4
PCC.Temperature=25
PCC.Vdd=3.3
PD11.GPIOParameters=GPIO_Speed,PinState,GPIO_Label
PD11.GPIO_Label=LCD_BLK
PD11.GPIO_Speed=GPIO_SPEED_FREQ_VERY_HIGH
PD11.Locked=true
PD11.PinState=GPIO_PIN_SET
PD11.Signal=GPIO_Output
PD12.GPIOParameters=GPIO_Speed,PinState,GPIO_Label
PD12.GPIO_Label=LCD_CS
PD12.GPIO_Speed=GPIO_SPEED_FREQ_VERY_HIGH
PD12.Locked=true
PD12.PinState=GPIO_PIN_SET
PD12.Signal=GPIO_Output
PD13.GPIOParameters=GPIO_Speed,GPIO_Label
PD13.GPIO_Label=LCD_DC
PD13.GPIO_Speed=GPIO_SPEED_FREQ_VERY_HIGH
PD13.Locked=true
PD13.Signal=GPIO_Output
PD14.GPIOParameters=GPIO_Speed,PinState,GPIO_Label
PD14.GPIO_Label=LCD_RES
PD14.GPIO_Speed=GPIO_SPEED_FREQ_VERY_HIGH
PD14.Locked=true
PD14.PinState=GPIO_PIN_SET
PD14.Signal=GPIO_Output
PD2.GPIOParameters=GPIO_Label
PD2.GPIO_Label=SBUS_RX
PD2.Locked=true
PD2.Mode=Asynchronous
PD2.Signal=UART5_RX
PD3.GPIOParameters=GPIO_Label
PD3.GPIO_Label=MOTOR_ENABLE
PD3.Locked=true
PD3.Signal=GPIO_Input
PD5.GPIOParameters=GPIO_Label
PD5.GPIO_Label=MASTER_TX
PD5.Locked=true
PD5.Mode=Asynchronous
PD5.Signal=USART2_TX
PD6.GPIOParameters=GPIO_Label
PD6.GPIO_Label=MASTER_RX
PD6.Locked=true
PD6.Mode=Asynchronous
PD6.Signal=USART2_RX
PD8.GPIOParameters=GPIO_PuPd,GPIO_Label
PD8.GPIO_Label=BLE_TX
PD8.GPIO_PuPd=GPIO_NOPULL
PD8.Mode=Asynchronous
PD8.Signal=USART3_TX
PD9.GPIOParameters=GPIO_PuPd,GPIO_Label
PD9.GPIO_Label=BLE_RX
PD9.GPIO_PuPd=GPIO_NOPULL
PD9.Mode=Asynchronous
PD9.Signal=USART3_RX
PE0.GPIOParameters=GPIO_Label
PE0.GPIO_Label=KEY2
PE0.Locked=true
PE0.Signal=GPIO_Input
PE1.GPIOParameters=GPIO_Label
PE1.GPIO_Label=KEY1
PE1.Locked=true
PE1.Signal=GPIO_Input
PE10.GPIOParameters=GPIO_Speed,PinState,GPIO_Label
PE10.GPIO_Label=LED_SYS
PE10.GPIO_Speed=GPIO_SPEED_FREQ_MEDIUM
PE10.Locked=true
PE10.PinState=GPIO_PIN_SET
PE10.Signal=GPIO_Output
PE11.GPIOParameters=GPIO_Speed,GPIO_Label
PE11.GPIO_Label=TIM1_CH2
PE11.GPIO_Speed=GPIO_SPEED_FREQ_HIGH
PE11.Signal=S_TIM1_CH2
PE13.GPIOParameters=GPIO_Speed,GPIO_Label
PE13.GPIO_Label=TIM1_CH3
PE13.GPIO_Speed=GPIO_SPEED_FREQ_HIGH
PE13.Signal=S_TIM1_CH3
PE14.GPIOParameters=GPIO_Speed,GPIO_Label
PE14.GPIO_Label=TIM1_CH4
PE14.GPIO_Speed=GPIO_SPEED_FREQ_HIGH
PE14.Signal=S_TIM1_CH4
PE5.Signal=S_TIM9_CH1
PE6.Locked=true
PE6.Signal=S_TIM9_CH2
PE7.GPIOParameters=GPIO_Speed,GPIO_Label
PE7.GPIO_Label=SERIAL_SERVO_TX_EN
PE7.GPIO_Speed=GPIO_SPEED_FREQ_VERY_HIGH
PE7.Locked=true
PE7.Signal=GPIO_Output
PE8.GPIOParameters=GPIO_Speed,GPIO_Label
PE8.GPIO_Label=SERIAL_SERVO_RX_EN
PE8.GPIO_Speed=GPIO_SPEED_FREQ_VERY_HIGH
PE8.Locked=true
PE8.Signal=GPIO_Output
PE9.GPIOParameters=GPIO_Speed,GPIO_Label
PE9.GPIO_Label=TIM1_CH1
PE9.GPIO_Speed=GPIO_SPEED_FREQ_HIGH
PE9.Signal=S_TIM1_CH1
PH0-OSC_IN.Mode=HSE-External-Oscillator
PH0-OSC_IN.Signal=RCC_OSC_IN
PH1-OSC_OUT.Mode=HSE-External-Oscillator
PH1-OSC_OUT.Signal=RCC_OSC_OUT
PinOutPanel.RotationAngle=0
ProjectManager.AskForMigrate=true
ProjectManager.BackupPrevious=true
ProjectManager.CompilerLinker=GCC
ProjectManager.CompilerOptimize=6
ProjectManager.ComputerToolchain=false
ProjectManager.CoupleFile=true
ProjectManager.CustomerFirmwarePackage=
ProjectManager.DefaultFWLocation=true
ProjectManager.DeletePrevious=true
ProjectManager.DeviceId=STM32F407VETx
ProjectManager.FirmwarePackage=STM32Cube FW_F4 V1.28.3
ProjectManager.FreePins=false
ProjectManager.FreePinsContext=
ProjectManager.HalAssertFull=false
ProjectManager.HeapSize=0x200
ProjectManager.KeepUserCode=true
ProjectManager.LastFirmware=true
ProjectManager.LibraryCopy=1
ProjectManager.MainLocation=Core/Src
ProjectManager.NoMain=false
ProjectManager.PreviousToolchain=STM32CubeIDE
ProjectManager.ProjectBuild=false
ProjectManager.ProjectFileName=rock64_ranger_fw.ioc
ProjectManager.ProjectName=rock64_ranger_fw
ProjectManager.ProjectStructure=
ProjectManager.RegisterCallBack=SPI,TIM,UART,USART
ProjectManager.StackSize=0x600
ProjectManager.TargetToolchain=CMake
ProjectManager.TemplateDestinationPath=D\:\\Mobile_Robot_Controller_Firmware
ProjectManager.TemplateSourcePath=C\:\\Program Files\\STMicroelectronics\\STM32Cube\\STM32CubeMX\\db\\extra_templates
ProjectManager.ToolChainLocation=
ProjectManager.UAScriptAfterPath=
ProjectManager.UAScriptBeforePath=
ProjectManager.UnderRoot=false
ProjectManager.functionlistsort=1-SystemClock_Config-RCC-false-HAL-false,2-MX_GPIO_Init-GPIO-false-HAL-true,3-MX_DMA_Init-DMA-false-HAL-true,4-MX_USART1_UART_Init-USART1-false-HAL-true,5-MX_TIM1_Init-TIM1-false-HAL-true,6-MX_TIM5_Init-TIM5-false-HAL-true,7-MX_TIM9_Init-TIM9-false-HAL-true,8-MX_TIM10_Init-TIM10-false-HAL-true,9-MX_TIM11_Init-TIM11-false-HAL-true,10-MX_I2C2_Init-I2C2-false-HAL-true,11-MX_UART5_Init-UART5-false-HAL-true,12-MX_USART2_UART_Init-USART2-false-HAL-true,13-MX_USART3_UART_Init-USART3-false-HAL-true,14-MX_USART6_UART_Init-USART6-false-HAL-true,15-MX_TIM7_Init-TIM7-false-HAL-true,16-MX_TIM3_Init-TIM3-false-HAL-true,17-MX_TIM4_Init-TIM4-false-HAL-true,18-MX_TIM13_Init-TIM13-false-HAL-true,19-MX_CRC_Init-CRC-false-HAL-true,20-MX_TIM12_Init-TIM12-false-HAL-true,21-MX_ADC1_Init-ADC1-false-HAL-true,22-MX_TIM14_Init-TIM14-false-HAL-true,23-MX_USB_DEVICE_Init-USB_DEVICE-false-HAL-false
RCC.48MHZClocksFreq_Value=48000000
RCC.AHBFreq_Value=168000000
RCC.APB1CLKDivider=RCC_HCLK_DIV4
RCC.APB1Freq_Value=42000000
RCC.APB1TimFreq_Value=84000000
RCC.APB2CLKDivider=RCC_HCLK_DIV2
RCC.APB2Freq_Value=84000000
RCC.APB2TimFreq_Value=168000000
RCC.CortexFreq_Value=168000000
RCC.EnbaleCSS=true
RCC.EthernetFreq_Value=168000000
RCC.FCLKCortexFreq_Value=168000000
RCC.FLatency=FLASH_LATENCY_5
RCC.FamilyName=M
RCC.HCLKFreq_Value=168000000
RCC.HSE_VALUE=25000000
RCC.HSI_VALUE=16000000
RCC.I2SClocksFreq_Value=96000000
RCC.IPParameters=48MHZClocksFreq_Value,AHBFreq_Value,APB1CLKDivider,APB1Freq_Value,APB1TimFreq_Value,APB2CLKDivider,APB2Freq_Value,APB2TimFreq_Value,CortexFreq_Value,EnbaleCSS,EthernetFreq_Value,FCLKCortexFreq_Value,FLatency,FamilyName,HCLKFreq_Value,HSE_VALUE,HSI_VALUE,I2SClocksFreq_Value,LSI_VALUE,MCO2PinFreq_Value,PLLCLKFreq_Value,PLLM,PLLN,PLLQ,PLLQCLKFreq_Value,RTCFreq_Value,RTCHSEDivFreq_Value,SYSCLKFreq_VALUE,SYSCLKSource,VCOI2SOutputFreq_Value,VCOInputFreq_Value,VCOOutputFreq_Value,VcooutputI2S
RCC.LSI_VALUE=32000
RCC.MCO2PinFreq_Value=168000000
RCC.PLLCLKFreq_Value=168000000
RCC.PLLM=25
RCC.PLLN=336
RCC.PLLQ=7
RCC.PLLQCLKFreq_Value=48000000
RCC.RTCFreq_Value=32000
RCC.RTCHSEDivFreq_Value=12500000
RCC.SYSCLKFreq_VALUE=168000000
RCC.SYSCLKSource=RCC_SYSCLKSOURCE_PLLCLK
RCC.VCOI2SOutputFreq_Value=192000000
RCC.VCOInputFreq_Value=1000000
RCC.VCOOutputFreq_Value=336000000
RCC.VcooutputI2S=96000000
SH.ADCx_IN8.0=ADC1_IN8,IN8
SH.ADCx_IN8.ConfNb=1
SH.GPXTI12.0=GPIO_EXTI12
SH.GPXTI12.ConfNb=1
SH.S_TIM10_CH1.0=TIM10_CH1,PWM Generation1 CH1
SH.S_TIM10_CH1.ConfNb=1
SH.S_TIM11_CH1.0=TIM11_CH1,PWM Generation1 CH1
SH.S_TIM11_CH1.ConfNb=1
SH.S_TIM1_CH1.0=TIM1_CH1,PWM Generation1 CH1
SH.S_TIM1_CH1.ConfNb=1
SH.S_TIM1_CH2.0=TIM1_CH2,PWM Generation2 CH2
SH.S_TIM1_CH2.ConfNb=1
SH.S_TIM1_CH3.0=TIM1_CH3,PWM Generation3 CH3
SH.S_TIM1_CH3.ConfNb=1
SH.S_TIM1_CH4.0=TIM1_CH4,PWM Generation4 CH4
SH.S_TIM1_CH4.ConfNb=1
SH.S_TIM2_CH1_ETR.0=TIM2_CH1
SH.S_TIM2_CH1_ETR.ConfNb=1
SH.S_TIM2_CH2.0=TIM2_CH2
SH.S_TIM2_CH2.ConfNb=1
SH.S_TIM3_CH1.0=TIM3_CH1,Encoder_Interface
SH.S_TIM3_CH1.ConfNb=1
SH.S_TIM3_CH2.0=TIM3_CH2,Encoder_Interface
SH.S_TIM3_CH2.ConfNb=1
SH.S_TIM4_CH1.0=TIM4_CH1,Encoder_Interface
SH.S_TIM4_CH1.ConfNb=1
SH.S_TIM4_CH2.0=TIM4_CH2,Encoder_Interface
SH.S_TIM4_CH2.ConfNb=1
SH.S_TIM5_CH1.0=TIM5_CH1,Encoder_Interface
SH.S_TIM5_CH1.ConfNb=1
SH.S_TIM5_CH2.0=TIM5_CH2,Encoder_Interface
SH.S_TIM5_CH2.ConfNb=1
SH.S_TIM9_CH1.0=TIM9_CH1,PWM Generation1 CH1
SH.S_TIM9_CH1.ConfNb=1
SH.S_TIM9_CH2.0=TIM9_CH2,PWM Generation2 CH2
SH.S_TIM9_CH2.ConfNb=1
TIM1.AutoReloadPreload=TIM_AUTORELOAD_PRELOAD_ENABLE
TIM1.AutomaticOutput=TIM_AUTOMATICOUTPUT_DISABLE
TIM1.BreakPolarity=TIM_BREAKPOLARITY_HIGH
TIM1.BreakState=TIM_BREAK_DISABLE
TIM1.Channel-PWM\ Generation1\ CH1=TIM_CHANNEL_1
TIM1.Channel-PWM\ Generation2\ CH2=TIM_CHANNEL_2
TIM1.Channel-PWM\ Generation3\ CH3=TIM_CHANNEL_3
TIM1.Channel-PWM\ Generation4\ CH4=TIM_CHANNEL_4
TIM1.ClockDivision=TIM_CLOCKDIVISION_DIV1
TIM1.CounterMode=TIM_COUNTERMODE_UP
TIM1.IPParameters=Prescaler,CounterMode,Period,ClockDivision,RepetitionCounter,AutoReloadPreload,TIM_MasterSlaveMode,TIM_MasterOutputTrigger,BreakState,BreakPolarity,AutomaticOutput,OffStateRunMode,OffStateIDLEMode,LockLevel,OCMode_PWM-PWM Generation1 CH1,Pulse-PWM Generation1 CH1,OC1Preload_PWM,OCFastMode_PWM-PWM Generation1 CH1,OCPolarity_1,OCIdleState_1,OCMode_PWM-PWM Generation2 CH2,Pulse-PWM Generation2 CH2,OC2Preload_PWM,OCFastMode_PWM-PWM Generation2 CH2,OCPolarity_2,OCIdleState_2,OCMode_PWM-PWM Generation3 CH3,Pulse-PWM Generation3 CH3,OC3Preload_PWM,OCFastMode_PWM-PWM Generation3 CH3,OCPolarity_3,OCIdleState_3,OCMode_PWM-PWM Generation4 CH4,Pulse-PWM Generation4 CH4,OC4Preload_PWM,OCFastMode_PWM-PWM Generation4 CH4,OCPolarity_4,OCIdleState_4,Channel-PWM Generation1 CH1,Channel-PWM Generation2 CH2,Channel-PWM Generation3 CH3,Channel-PWM Generation4 CH4
TIM1.LockLevel=TIM_LOCKLEVEL_OFF
TIM1.OC1Preload_PWM=ENABLE
TIM1.OC2Preload_PWM=ENABLE
TIM1.OC3Preload_PWM=ENABLE
TIM1.OC4Preload_PWM=ENABLE
TIM1.OCFastMode_PWM-PWM\ Generation1\ CH1=TIM_OCFAST_ENABLE
TIM1.OCFastMode_PWM-PWM\ Generation2\ CH2=TIM_OCFAST_ENABLE
TIM1.OCFastMode_PWM-PWM\ Generation3\ CH3=TIM_OCFAST_ENABLE
TIM1.OCFastMode_PWM-PWM\ Generation4\ CH4=TIM_OCFAST_ENABLE
TIM1.OCIdleState_1=TIM_OCIDLESTATE_RESET
TIM1.OCIdleState_2=TIM_OCIDLESTATE_RESET
TIM1.OCIdleState_3=TIM_OCIDLESTATE_RESET
TIM1.OCIdleState_4=TIM_OCIDLESTATE_RESET
TIM1.OCMode_PWM-PWM\ Generation1\ CH1=TIM_OCMODE_PWM1
TIM1.OCMode_PWM-PWM\ Generation2\ CH2=TIM_OCMODE_PWM1
TIM1.OCMode_PWM-PWM\ Generation3\ CH3=TIM_OCMODE_PWM1
TIM1.OCMode_PWM-PWM\ Generation4\ CH4=TIM_OCMODE_PWM1
TIM1.OCPolarity_1=TIM_OCPOLARITY_HIGH
TIM1.OCPolarity_2=TIM_OCPOLARITY_HIGH
TIM1.OCPolarity_3=TIM_OCPOLARITY_HIGH
TIM1.OCPolarity_4=TIM_OCPOLARITY_HIGH
TIM1.OffStateIDLEMode=TIM_OSSI_DISABLE
TIM1.OffStateRunMode=TIM_OSSR_DISABLE
TIM1.Period=999
TIM1.Prescaler=839
TIM1.Pulse-PWM\ Generation1\ CH1=0
TIM1.Pulse-PWM\ Generation2\ CH2=0
TIM1.Pulse-PWM\ Generation3\ CH3=0
TIM1.Pulse-PWM\ Generation4\ CH4=0
TIM1.RepetitionCounter=0
TIM1.TIM_MasterOutputTrigger=TIM_TRGO_RESET
TIM1.TIM_MasterSlaveMode=TIM_MASTERSLAVEMODE_DISABLE
TIM10.AutoReloadPreload=TIM_AUTORELOAD_PRELOAD_ENABLE
TIM10.Channel=TIM_CHANNEL_1
TIM10.ClockDivision=TIM_CLOCKDIVISION_DIV1
TIM10.CounterMode=TIM_COUNTERMODE_UP
TIM10.IPParameters=Prescaler,CounterMode,Period,ClockDivision,AutoReloadPreload,OCMode_PWM,Pulse,OC1Preload_PWM,OCFastMode_PWM,OCPolarity_1,Channel
TIM10.OC1Preload_PWM=ENABLE
TIM10.OCFastMode_PWM=TIM_OCFAST_ENABLE
TIM10.OCMode_PWM=TIM_OCMODE_PWM1
TIM10.OCPolarity_1=TIM_OCPOLARITY_HIGH
TIM10.Period=999
TIM10.Prescaler=839
TIM10.Pulse=0
TIM11.AutoReloadPreload=TIM_AUTORELOAD_PRELOAD_ENABLE
TIM11.Channel=TIM_CHANNEL_1
TIM11.ClockDivision=TIM_CLOCKDIVISION_DIV1
TIM11.CounterMode=TIM_COUNTERMODE_UP
TIM11.IPParameters=Prescaler,CounterMode,Period,ClockDivision,AutoReloadPreload,OCMode_PWM,Pulse,OC1Preload_PWM,OCFastMode_PWM,OCPolarity_1,Channel
TIM11.OC1Preload_PWM=ENABLE
TIM11.OCFastMode_PWM=TIM_OCFAST_ENABLE
TIM11.OCMode_PWM=TIM_OCMODE_PWM1
TIM11.OCPolarity_1=TIM_OCPOLARITY_HIGH
TIM11.Period=999
TIM11.Prescaler=839
TIM11.Pulse=0
TIM12.AutoReloadPreload=TIM_AUTORELOAD_PRELOAD_ENABLE
TIM12.Channel-Output\ Compare1\ No\ Output=TIM_CHANNEL_1
TIM12.ClockDivision=TIM_CLOCKDIVISION_DIV1
TIM12.CounterMode=TIM_COUNTERMODE_UP
TIM12.IPParameters=Prescaler,CounterMode,Period,ClockDivision,AutoReloadPreload,OCMode_1,Pulse-Output Compare1 No Output,OC1Preload,OCPolarity_1,Channel-Output Compare1 No Output
TIM12.OC1Preload=ENABLE
TIM12.OCMode_1=TIM_OCMODE_TIMING
TIM12.OCPolarity_1=TIM_OCPOLARITY_HIGH
TIM12.Period=99
TIM12.Prescaler=839
TIM12.Pulse-Output\ Compare1\ No\ Output=50
TIM13.AutoReloadPreload=TIM_AUTORELOAD_PRELOAD_ENABLE
TIM13.Channel=TIM_CHANNEL_1
TIM13.ClockDivision=TIM_CLOCKDIVISION_DIV1
TIM13.CounterMode=TIM_COUNTERMODE_UP
TIM13.IPParameters=Prescaler,CounterMode,Period,ClockDivision,AutoReloadPreload,OCMode_1,Pulse,OC1Preload,OCPolarity_1,Channel
TIM13.OC1Preload=ENABLE
TIM13.OCMode_1=TIM_OCMODE_TIMING
TIM13.OCPolarity_1=TIM_OCPOLARITY_HIGH
TIM13.Period=4999
TIM13.Prescaler=83
TIM13.Pulse=0
TIM3.AutoReloadPreload=TIM_AUTORELOAD_PRELOAD_ENABLE
TIM3.ClockDivision=TIM_CLOCKDIVISION_DIV1
TIM3.CounterMode=TIM_COUNTERMODE_UP
TIM3.EncoderMode=TIM_ENCODERMODE_TI12
TIM3.IC1Filter=0
TIM3.IC1Polarity=TIM_ICPOLARITY_RISING
TIM3.IC1Prescaler=TIM_ICPSC_DIV1
TIM3.IC1Selection=TIM_ICSELECTION_DIRECTTI
TIM3.IC2Filter=0
TIM3.IC2Polarity=TIM_ICPOLARITY_RISING
TIM3.IC2Prescaler=TIM_ICPSC_DIV1
TIM3.IC2Selection=TIM_ICSELECTION_DIRECTTI
TIM3.IPParameters=Prescaler,CounterMode,Period,ClockDivision,AutoReloadPreload,TIM_MasterSlaveMode,TIM_MasterOutputTrigger,EncoderMode,IC1Polarity,IC1Selection,IC1Prescaler,IC1Filter,IC2Polarity,IC2Selection,IC2Prescaler,IC2Filter
TIM3.Period=60000
TIM3.Prescaler=0
TIM3.TIM_MasterOutputTrigger=TIM_TRGO_RESET
TIM3.TIM_MasterSlaveMode=TIM_MASTERSLAVEMODE_DISABLE
TIM4.AutoReloadPreload=TIM_AUTORELOAD_PRELOAD_ENABLE
TIM4.ClockDivision=TIM_CLOCKDIVISION_DIV1
TIM4.CounterMode=TIM_COUNTERMODE_UP
TIM4.EncoderMode=TIM_ENCODERMODE_TI12
TIM4.IC1Filter=0
TIM4.IC1Polarity=TIM_ICPOLARITY_RISING
TIM4.IC1Prescaler=TIM_ICPSC_DIV1
TIM4.IC1Selection=TIM_ICSELECTION_DIRECTTI
TIM4.IC2Filter=0
TIM4.IC2Polarity=TIM_ICPOLARITY_RISING
TIM4.IC2Prescaler=TIM_ICPSC_DIV1
TIM4.IC2Selection=TIM_ICSELECTION_DIRECTTI
TIM4.IPParameters=Prescaler,CounterMode,Period,ClockDivision,AutoReloadPreload,TIM_MasterSlaveMode,TIM_MasterOutputTrigger,EncoderMode,IC1Polarity,IC1Selection,IC1Prescaler,IC1Filter,IC2Polarity,IC2Selection,IC2Prescaler,IC2Filter
TIM4.Period=60000
TIM4.Prescaler=0
TIM4.TIM_MasterOutputTrigger=TIM_TRGO_RESET
TIM4.TIM_MasterSlaveMode=TIM_MASTERSLAVEMODE_DISABLE
TIM5.AutoReloadPreload=TIM_AUTORELOAD_PRELOAD_ENABLE
TIM5.ClockDivision=TIM_CLOCKDIVISION_DIV1
TIM5.CounterMode=TIM_COUNTERMODE_UP
TIM5.EncoderMode=TIM_ENCODERMODE_TI12
TIM5.IC1Filter=0
TIM5.IC1Polarity=TIM_ICPOLARITY_RISING
TIM5.IC1Prescaler=TIM_ICPSC_DIV1
TIM5.IC1Selection=TIM_ICSELECTION_DIRECTTI
TIM5.IC2Filter=0
TIM5.IC2Polarity=TIM_ICPOLARITY_RISING
TIM5.IC2Prescaler=TIM_ICPSC_DIV1
TIM5.IC2Selection=TIM_ICSELECTION_DIRECTTI
TIM5.IPParameters=Prescaler,CounterMode,Period,ClockDivision,AutoReloadPreload,TIM_MasterSlaveMode,TIM_MasterOutputTrigger,EncoderMode,IC1Polarity,IC1Selection,IC1Prescaler,IC1Filter,IC2Polarity,IC2Selection,IC2Prescaler,IC2Filter
TIM5.Period=60000
TIM5.Prescaler=0
TIM5.TIM_MasterOutputTrigger=TIM_TRGO_RESET
TIM5.TIM_MasterSlaveMode=TIM_MASTERSLAVEMODE_DISABLE
TIM7.AutoReloadPreload=TIM_AUTORELOAD_PRELOAD_ENABLE
TIM7.CounterMode=TIM_COUNTERMODE_UP
TIM7.IPParameters=Prescaler,CounterMode,Period,AutoReloadPreload,TIM_MasterOutputTrigger
TIM7.Period=9999
TIM7.Prescaler=83
TIM7.TIM_MasterOutputTrigger=TIM_TRGO_RESET
TIM9.AutoReloadPreload=TIM_AUTORELOAD_PRELOAD_ENABLE
TIM9.Channel-PWM\ Generation1\ CH1=TIM_CHANNEL_1
TIM9.Channel-PWM\ Generation2\ CH2=TIM_CHANNEL_2
TIM9.ClockDivision=TIM_CLOCKDIVISION_DIV1
TIM9.CounterMode=TIM_COUNTERMODE_UP
TIM9.IPParameters=Prescaler,CounterMode,Period,ClockDivision,AutoReloadPreload,OCMode_PWM-PWM Generation1 CH1,Pulse-PWM Generation1 CH1,OC1Preload_PWM,OCFastMode_PWM-PWM Generation1 CH1,OCPolarity_1,OCMode_PWM-PWM Generation2 CH2,Pulse-PWM Generation2 CH2,OC2Preload_PWM,OCFastMode_PWM-PWM Generation2 CH2,OCPolarity_2,Channel-PWM Generation1 CH1,Channel-PWM Generation2 CH2
TIM9.OC1Preload_PWM=ENABLE
TIM9.OC2Preload_PWM=ENABLE
TIM9.OCFastMode_PWM-PWM\ Generation1\ CH1=TIM_OCFAST_ENABLE
TIM9.OCFastMode_PWM-PWM\ Generation2\ CH2=TIM_OCFAST_ENABLE
TIM9.OCMode_PWM-PWM\ Generation1\ CH1=TIM_OCMODE_PWM1
TIM9.OCMode_PWM-PWM\ Generation2\ CH2=TIM_OCMODE_PWM1
TIM9.OCPolarity_1=TIM_OCPOLARITY_HIGH
TIM9.OCPolarity_2=TIM_OCPOLARITY_HIGH
TIM9.Period=999
TIM9.Prescaler=839
TIM9.Pulse-PWM\ Generation1\ CH1=0
TIM9.Pulse-PWM\ Generation2\ CH2=0
UART5.BaudRate=100000
UART5.IPParameters=BaudRate,WordLength,Parity,StopBits,Mode,OverSampling,VirtualMode
UART5.Mode=MODE_RX
UART5.OverSampling=UART_OVERSAMPLING_16
UART5.Parity=PARITY_EVEN
UART5.StopBits=UART_STOPBITS_2
UART5.VirtualMode=Asynchronous
UART5.WordLength=WORDLENGTH_9B
USART1.BaudRate=115200
USART1.IPParameters=BaudRate,WordLength,Parity,StopBits,Mode,OverSampling,VirtualMode
USART1.Mode=MODE_TX_RX
USART1.OverSampling=UART_OVERSAMPLING_16
USART1.Parity=PARITY_NONE
USART1.StopBits=STOPBITS_1
USART1.VirtualMode=VM_ASYNC
USART1.WordLength=WORDLENGTH_8B
USART2.BaudRate=1000000
USART2.IPParameters=BaudRate,WordLength,Parity,StopBits,Mode,OverSampling,VirtualMode
USART2.Mode=MODE_TX_RX
USART2.OverSampling=UART_OVERSAMPLING_16
USART2.Parity=PARITY_NONE
USART2.StopBits=STOPBITS_1
USART2.VirtualMode=VM_ASYNC
USART2.WordLength=WORDLENGTH_8B
USART3.BaudRate=9600
USART3.IPParameters=BaudRate,WordLength,Parity,StopBits,Mode,OverSampling,VirtualMode
USART3.Mode=MODE_TX_RX
USART3.OverSampling=UART_OVERSAMPLING_16
USART3.Parity=PARITY_NONE
USART3.StopBits=STOPBITS_1
USART3.VirtualMode=VM_ASYNC
USART3.WordLength=WORDLENGTH_8B
USART6.BaudRate=115200
USART6.IPParameters=BaudRate,WordLength,Parity,StopBits,Mode,OverSampling,VirtualMode
USART6.Mode=MODE_TX_RX
USART6.OverSampling=UART_OVERSAMPLING_16
USART6.Parity=PARITY_NONE
USART6.StopBits=STOPBITS_1
USART6.VirtualMode=VM_ASYNC
USART6.WordLength=WORDLENGTH_8B
USB_DEVICE.CLASS_NAME_HS=CDC
USB_DEVICE.IPParameters=VirtualMode-CDC_HS,VirtualModeHS,CLASS_NAME_HS
USB_DEVICE.VirtualMode-CDC_HS=Cdc
USB_DEVICE.VirtualModeHS=Cdc_HS
USB_OTG_HS.IPParameters=VirtualMode-Device_Only_FS
USB_OTG_HS.VirtualMode-Device_Only_FS=Device_Only_FS
VP_ADC1_Vref_Input.Mode=IN-Vrefint
VP_ADC1_Vref_Input.Signal=ADC1_Vref_Input
VP_CRC_VS_CRC.Mode=CRC_Activate
VP_CRC_VS_CRC.Signal=CRC_VS_CRC
VP_FREERTOS_VS_CMSIS_V2.Mode=CMSIS_V2
VP_FREERTOS_VS_CMSIS_V2.Signal=FREERTOS_VS_CMSIS_V2
VP_SYS_VS_tim8.Mode=TIM8
VP_SYS_VS_tim8.Signal=SYS_VS_tim8
VP_TIM10_VS_ClockSourceINT.Mode=Enable_Timer
VP_TIM10_VS_ClockSourceINT.Signal=TIM10_VS_ClockSourceINT
VP_TIM11_VS_ClockSourceINT.Mode=Enable_Timer
VP_TIM11_VS_ClockSourceINT.Signal=TIM11_VS_ClockSourceINT
VP_TIM12_VS_ClockSourceINT.Mode=Internal
VP_TIM12_VS_ClockSourceINT.Signal=TIM12_VS_ClockSourceINT
VP_TIM12_VS_no_output1.Mode=Output Compare1 No Output
VP_TIM12_VS_no_output1.Signal=TIM12_VS_no_output1
VP_TIM13_VS_ClockSourceINT.Mode=Enable_Timer
VP_TIM13_VS_ClockSourceINT.Signal=TIM13_VS_ClockSourceINT
VP_TIM13_VS_no_output1.Mode=Output Compare1 No Output
VP_TIM13_VS_no_output1.Signal=TIM13_VS_no_output1
VP_TIM14_VS_ClockSourceINT.Mode=Enable_Timer
VP_TIM14_VS_ClockSourceINT.Signal=TIM14_VS_ClockSourceINT
VP_TIM1_VS_ClockSourceINT.Mode=Internal
VP_TIM1_VS_ClockSourceINT.Signal=TIM1_VS_ClockSourceINT
VP_TIM7_VS_ClockSourceINT.Mode=Enable_Timer
VP_TIM7_VS_ClockSourceINT.Signal=TIM7_VS_ClockSourceINT
VP_TIM9_VS_ClockSourceINT.Mode=Internal
VP_TIM9_VS_ClockSourceINT.Signal=TIM9_VS_ClockSourceINT
VP_USB_DEVICE_VS_USB_DEVICE_CDC_HS.Mode=CDC_HS
VP_USB_DEVICE_VS_USB_DEVICE_CDC_HS.Signal=USB_DEVICE_VS_USB_DEVICE_CDC_HS
board=custom
rtos.0.ip=FREERTOS
